// !$*UTF8*$!
{
	archiveVersion = 1;
	classes = {
	};
	objectVersion = 46;
	objects = {

/* Begin PBXBuildFile section */
		223DBB3E16D45523007911FF /* UIKit.framework in Frameworks */ = {isa = PBXBuildFile; fileRef = 223DBB3D16D45523007911FF /* UIKit.framework */; };
		223DBB4016D45523007911FF /* Foundation.framework in Frameworks */ = {isa = PBXBuildFile; fileRef = 223DBB3F16D45523007911FF /* Foundation.framework */; };
		223DBB4216D45523007911FF /* CoreGraphics.framework in Frameworks */ = {isa = PBXBuildFile; fileRef = 223DBB4116D45523007911FF /* CoreGraphics.framework */; };
		223DBB4816D45523007911FF /* InfoPlist.strings in Resources */ = {isa = PBXBuildFile; fileRef = 223DBB4616D45523007911FF /* InfoPlist.strings */; };
		223DBB4A16D45523007911FF /* main.m in Sources */ = {isa = PBXBuildFile; fileRef = 223DBB4916D45523007911FF /* main.m */; };
		223DBB4E16D45523007911FF /* j2objcAppDelegate.m in Sources */ = {isa = PBXBuildFile; fileRef = 223DBB4D16D45523007911FF /* j2objcAppDelegate.m */; };
		223DBB5016D45523007911FF /* Default.png in Resources */ = {isa = PBXBuildFile; fileRef = 223DBB4F16D45523007911FF /* Default.png */; };
		223DBB5216D45523007911FF /* Default@2x.png in Resources */ = {isa = PBXBuildFile; fileRef = 223DBB5116D45523007911FF /* Default@2x.png */; };
		223DBB5416D45523007911FF /* Default-568h@2x.png in Resources */ = {isa = PBXBuildFile; fileRef = 223DBB5316D45523007911FF /* Default-568h@2x.png */; };
		223DBB5716D45523007911FF /* MainStoryboard.storyboard in Resources */ = {isa = PBXBuildFile; fileRef = 223DBB5516D45523007911FF /* MainStoryboard.storyboard */; };
		223DBB5A16D45523007911FF /* j2objcViewController.m in Sources */ = {isa = PBXBuildFile; fileRef = 223DBB5916D45523007911FF /* j2objcViewController.m */; };
		223DBB6316D4560A007911FF /* java in Resources */ = {isa = PBXBuildFile; fileRef = 223DBB6216D4560A007911FF /* java */; };
		223DBB6716D4D0C9007911FF /* HolaMundo.m in Sources */ = {isa = PBXBuildFile; fileRef = 223DBB6616D4D0C9007911FF /* HolaMundo.m */; };
		223DBB6A16D4D921007911FF /* RandomNumGenerator.m in Sources */ = {isa = PBXBuildFile; fileRef = 223DBB6916D4D921007911FF /* RandomNumGenerator.m */; };
/* End PBXBuildFile section */

/* Begin PBXBuildRule section */
		223DBB6416D45660007911FF /* PBXBuildRule */ = {
			isa = PBXBuildRule;
			compilerSpec = com.apple.compilers.proxy.script;
			fileType = sourcecode.java;
			isEditable = 1;
			outputFiles = (
				"${DERIVED_FILES_DIR}/${INPUT_FILE_BASE}.h",
				"${DERIVED_FILES_DIR}/${INPUT_FILE_BASE}.m",
			);
			script = "/usr/local/bin/j2objc -d ${DERIVED_FILES_DIR} -sourcepath ${PROJECT_DIR}/java \\\n--no-package-directories ${INPUT_FILE_PATH};";
		};
/* End PBXBuildRule section */

/* Begin PBXFileReference section */
		223DBB3A16D45523007911FF /* RandomNumberGenerator.app */ = {isa = PBXFileReference; explicitFileType = wrapper.application; includeInIndex = 0; path = RandomNumberGenerator.app; sourceTree = BUILT_PRODUCTS_DIR; };
		223DBB3D16D45523007911FF /* UIKit.framework */ = {isa = PBXFileReference; lastKnownFileType = wrapper.framework; name = UIKit.framework; path = System/Library/Frameworks/UIKit.framework; sourceTree = SDKROOT; };
		223DBB3F16D45523007911FF /* Foundation.framework */ = {isa = PBXFileReference; lastKnownFileType = wrapper.framework; name = Foundation.framework; path = System/Library/Frameworks/Foundation.framework; sourceTree = SDKROOT; };
		223DBB4116D45523007911FF /* CoreGraphics.framework */ = {isa = PBXFileReference; lastKnownFileType = wrapper.framework; name = CoreGraphics.framework; path = System/Library/Frameworks/CoreGraphics.framework; sourceTree = SDKROOT; };
		223DBB4516D45523007911FF /* RandomNumberGenerator-Info.plist */ = {isa = PBXFileReference; lastKnownFileType = text.plist.xml; path = "RandomNumberGenerator-Info.plist"; sourceTree = "<group>"; };
		223DBB4716D45523007911FF /* en */ = {isa = PBXFileReference; lastKnownFileType = text.plist.strings; name = en; path = en.lproj/InfoPlist.strings; sourceTree = "<group>"; };
		223DBB4916D45523007911FF /* main.m */ = {isa = PBXFileReference; lastKnownFileType = sourcecode.c.objc; path = main.m; sourceTree = "<group>"; };
		223DBB4B16D45523007911FF /* RandomNumberGenerator-Prefix.pch */ = {isa = PBXFileReference; lastKnownFileType = sourcecode.c.h; path = "RandomNumberGenerator-Prefix.pch"; sourceTree = "<group>"; };
		223DBB4C16D45523007911FF /* j2objcAppDelegate.h */ = {isa = PBXFileReference; lastKnownFileType = sourcecode.c.h; path = j2objcAppDelegate.h; sourceTree = "<group>"; };
		223DBB4D16D45523007911FF /* j2objcAppDelegate.m */ = {isa = PBXFileReference; lastKnownFileType = sourcecode.c.objc; path = j2objcAppDelegate.m; sourceTree = "<group>"; };
		223DBB4F16D45523007911FF /* Default.png */ = {isa = PBXFileReference; lastKnownFileType = image.png; path = Default.png; sourceTree = "<group>"; };
		223DBB5116D45523007911FF /* Default@2x.png */ = {isa = PBXFileReference; lastKnownFileType = image.png; path = "Default@2x.png"; sourceTree = "<group>"; };
		223DBB5316D45523007911FF /* Default-568h@2x.png */ = {isa = PBXFileReference; lastKnownFileType = image.png; path = "Default-568h@2x.png"; sourceTree = "<group>"; };
		223DBB5616D45523007911FF /* en */ = {isa = PBXFileReference; lastKnownFileType = file.storyboard; name = en; path = en.lproj/MainStoryboard.storyboard; sourceTree = "<group>"; };
		223DBB5816D45523007911FF /* j2objcViewController.h */ = {isa = PBXFileReference; lastKnownFileType = sourcecode.c.h; path = j2objcViewController.h; sourceTree = "<group>"; };
		223DBB5916D45523007911FF /* j2objcViewController.m */ = {isa = PBXFileReference; lastKnownFileType = sourcecode.c.objc; path = j2objcViewController.m; sourceTree = "<group>"; };
		223DBB6216D4560A007911FF /* java */ = {isa = PBXFileReference; lastKnownFileType = folder; path = java; sourceTree = "<group>"; };
		223DBB6516D4D0C9007911FF /* HolaMundo.h */ = {isa = PBXFileReference; fileEncoding = 4; lastKnownFileType = sourcecode.c.h; path = HolaMundo.h; sourceTree = "<group>"; };
		223DBB6616D4D0C9007911FF /* HolaMundo.m */ = {isa = PBXFileReference; fileEncoding = 4; lastKnownFileType = sourcecode.c.objc; path = HolaMundo.m; sourceTree = "<group>"; };
		223DBB6816D4D921007911FF /* RandomNumGenerator.h */ = {isa = PBXFileReference; fileEncoding = 4; lastKnownFileType = sourcecode.c.h; path = RandomNumGenerator.h; sourceTree = "<group>"; };
		223DBB6916D4D921007911FF /* RandomNumGenerator.m */ = {isa = PBXFileReference; fileEncoding = 4; lastKnownFileType = sourcecode.c.objc; path = RandomNumGenerator.m; sourceTree = "<group>"; };
/* End PBXFileReference section */

/* Begin PBXFrameworksBuildPhase section */
		223DBB3716D45523007911FF /* Frameworks */ = {
			isa = PBXFrameworksBuildPhase;
			buildActionMask = 2147483647;
			files = (
				223DBB3E16D45523007911FF /* UIKit.framework in Frameworks */,
				223DBB4016D45523007911FF /* Foundation.framework in Frameworks */,
				223DBB4216D45523007911FF /* CoreGraphics.framework in Frameworks */,
			);
			runOnlyForDeploymentPostprocessing = 0;
		};
/* End PBXFrameworksBuildPhase section */

/* Begin PBXGroup section */
		223DBB3116D45523007911FF = {
			isa = PBXGroup;
			children = (
				223DBB4316D45523007911FF /* J2OBJCtest */,
				223DBB3C16D45523007911FF /* Frameworks */,
				223DBB3B16D45523007911FF /* Products */,
			);
			sourceTree = "<group>";
		};
		223DBB3B16D45523007911FF /* Products */ = {
			isa = PBXGroup;
			children = (
				223DBB3A16D45523007911FF /* RandomNumberGenerator.app */,
			);
			name = Products;
			sourceTree = "<group>";
		};
		223DBB3C16D45523007911FF /* Frameworks */ = {
			isa = PBXGroup;
			children = (
				223DBB3D16D45523007911FF /* UIKit.framework */,
				223DBB3F16D45523007911FF /* Foundation.framework */,
				223DBB4116D45523007911FF /* CoreGraphics.framework */,
			);
			name = Frameworks;
			sourceTree = "<group>";
		};
		223DBB4316D45523007911FF /* J2OBJCtest */ = {
			isa = PBXGroup;
			children = (
				223DBB4C16D45523007911FF /* j2objcAppDelegate.h */,
				223DBB4D16D45523007911FF /* j2objcAppDelegate.m */,
				223DBB5516D45523007911FF /* MainStoryboard.storyboard */,
				223DBB5816D45523007911FF /* j2objcViewController.h */,
				223DBB5916D45523007911FF /* j2objcViewController.m */,
				223DBB6816D4D921007911FF /* RandomNumGenerator.h */,
				223DBB6916D4D921007911FF /* RandomNumGenerator.m */,
				223DBB6516D4D0C9007911FF /* HolaMundo.h */,
				223DBB6616D4D0C9007911FF /* HolaMundo.m */,
				223DBB6216D4560A007911FF /* java */,
				223DBB4416D45523007911FF /* Supporting Files */,
			);
			path = J2OBJCtest;
			sourceTree = "<group>";
		};
		223DBB4416D45523007911FF /* Supporting Files */ = {
			isa = PBXGroup;
			children = (
				223DBB4516D45523007911FF /* RandomNumberGenerator-Info.plist */,
				223DBB4616D45523007911FF /* InfoPlist.strings */,
				223DBB4916D45523007911FF /* main.m */,
				223DBB4B16D45523007911FF /* RandomNumberGenerator-Prefix.pch */,
				223DBB4F16D45523007911FF /* Default.png */,
				223DBB5116D45523007911FF /* Default@2x.png */,
				223DBB5316D45523007911FF /* Default-568h@2x.png */,
			);
			name = "Supporting Files";
			sourceTree = "<group>";
		};
/* End PBXGroup section */

/* Begin PBXNativeTarget section */
		223DBB3916D45523007911FF /* RandomNumberGenerator */ = {
			isa = PBXNativeTarget;
			buildConfigurationList = 223DBB5D16D45523007911FF /* Build configuration list for PBXNativeTarget "RandomNumberGenerator" */;
			buildPhases = (
				223DBB3616D45523007911FF /* Sources */,
				223DBB3716D45523007911FF /* Frameworks */,
				223DBB3816D45523007911FF /* Resources */,
			);
			buildRules = (
				223DBB6416D45660007911FF /* PBXBuildRule */,
			);
			dependencies = (
			);
			name = RandomNumberGenerator;
			productName = J2OBJCtest;
			productReference = 223DBB3A16D45523007911FF /* RandomNumberGenerator.app */;
			productType = "com.apple.product-type.application";
		};
/* End PBXNativeTarget section */

/* Begin PBXProject section */
		223DBB3216D45523007911FF /* Project object */ = {
			isa = PBXProject;
			attributes = {
				CLASSPREFIX = j2objc;
				LastUpgradeCheck = 0460;
				ORGANIZATIONNAME = "Deniz Aydemir";
			};
			buildConfigurationList = 223DBB3516D45523007911FF /* Build configuration list for PBXProject "RandomNumberGenerator" */;
			compatibilityVersion = "Xcode 3.2";
			developmentRegion = English;
			hasScannedForEncodings = 0;
			knownRegions = (
				en,
			);
			mainGroup = 223DBB3116D45523007911FF;
			productRefGroup = 223DBB3B16D45523007911FF /* Products */;
			projectDirPath = "";
			projectRoot = "";
			targets = (
				223DBB3916D45523007911FF /* RandomNumberGenerator */,
			);
		};
/* End PBXProject section */

/* Begin PBXResourcesBuildPhase section */
		223DBB3816D45523007911FF /* Resources */ = {
			isa = PBXResourcesBuildPhase;
			buildActionMask = 2147483647;
			files = (
				223DBB4816D45523007911FF /* InfoPlist.strings in Resources */,
				223DBB5016D45523007911FF /* Default.png in Resources */,
				223DBB5216D45523007911FF /* Default@2x.png in Resources */,
				223DBB5416D45523007911FF /* Default-568h@2x.png in Resources */,
				223DBB5716D45523007911FF /* MainStoryboard.storyboard in Resources */,
				223DBB6316D4560A007911FF /* java in Resources */,
			);
			runOnlyForDeploymentPostprocessing = 0;
		};
/* End PBXResourcesBuildPhase section */

/* Begin PBXSourcesBuildPhase section */
		223DBB3616D45523007911FF /* Sources */ = {
			isa = PBXSourcesBuildPhase;
			buildActionMask = 2147483647;
			files = (
				223DBB4A16D45523007911FF /* main.m in Sources */,
				223DBB4E16D45523007911FF /* j2objcAppDelegate.m in Sources */,
				223DBB5A16D45523007911FF /* j2objcViewController.m in Sources */,
				223DBB6716D4D0C9007911FF /* HolaMundo.m in Sources */,
				223DBB6A16D4D921007911FF /* RandomNumGenerator.m in Sources */,
			);
			runOnlyForDeploymentPostprocessing = 0;
		};
/* End PBXSourcesBuildPhase section */

/* Begin PBXVariantGroup section */
		223DBB4616D45523007911FF /* InfoPlist.strings */ = {
			isa = PBXVariantGroup;
			children = (
				223DBB4716D45523007911FF /* en */,
			);
			name = InfoPlist.strings;
			sourceTree = "<group>";
		};
		223DBB5516D45523007911FF /* MainStoryboard.storyboard */ = {
			isa = PBXVariantGroup;
			children = (
				223DBB5616D45523007911FF /* en */,
			);
			name = MainStoryboard.storyboard;
			sourceTree = "<group>";
		};
/* End PBXVariantGroup section */

/* Begin XCBuildConfiguration section */
		223DBB5B16D45523007911FF /* Debug */ = {
			isa = XCBuildConfiguration;
			buildSettings = {
				ALWAYS_SEARCH_USER_PATHS = NO;
				CLANG_CXX_LANGUAGE_STANDARD = "gnu++0x";
				CLANG_CXX_LIBRARY = "libc++";
				CLANG_ENABLE_OBJC_ARC = YES;
				CLANG_WARN_CONSTANT_CONVERSION = YES;
				CLANG_WARN_EMPTY_BODY = YES;
				CLANG_WARN_ENUM_CONVERSION = YES;
				CLANG_WARN_INT_CONVERSION = YES;
				CLANG_WARN__DUPLICATE_METHOD_MATCH = YES;
				"CODE_SIGN_IDENTITY[sdk=iphoneos*]" = "iPhone Developer";
				COPY_PHASE_STRIP = NO;
				GCC_C_LANGUAGE_STANDARD = gnu99;
				GCC_DYNAMIC_NO_PIC = NO;
				GCC_OPTIMIZATION_LEVEL = 0;
				GCC_PREPROCESSOR_DEFINITIONS = (
					"DEBUG=1",
					"$(inherited)",
				);
				GCC_SYMBOLS_PRIVATE_EXTERN = NO;
				GCC_WARN_ABOUT_RETURN_TYPE = YES;
				GCC_WARN_UNINITIALIZED_AUTOS = YES;
				GCC_WARN_UNUSED_VARIABLE = YES;
				"HEADER_SEARCH_PATHS[arch=*]" = "${DERIVED_FILES_DIR}";
				IPHONEOS_DEPLOYMENT_TARGET = 6.1;
				ONLY_ACTIVE_ARCH = YES;
				SDKROOT = iphoneos;
			};
			name = Debug;
		};
		223DBB5C16D45523007911FF /* Release */ = {
			isa = XCBuildConfiguration;
			buildSettings = {
				ALWAYS_SEARCH_USER_PATHS = NO;
				CLANG_CXX_LANGUAGE_STANDARD = "gnu++0x";
				CLANG_CXX_LIBRARY = "libc++";
				CLANG_ENABLE_OBJC_ARC = YES;
				CLANG_WARN_CONSTANT_CONVERSION = YES;
				CLANG_WARN_EMPTY_BODY = YES;
				CLANG_WARN_ENUM_CONVERSION = YES;
				CLANG_WARN_INT_CONVERSION = YES;
				CLANG_WARN__DUPLICATE_METHOD_MATCH = YES;
				"CODE_SIGN_IDENTITY[sdk=iphoneos*]" = "iPhone Developer";
				COPY_PHASE_STRIP = YES;
				GCC_C_LANGUAGE_STANDARD = gnu99;
				GCC_WARN_ABOUT_RETURN_TYPE = YES;
				GCC_WARN_UNINITIALIZED_AUTOS = YES;
				GCC_WARN_UNUSED_VARIABLE = YES;
				IPHONEOS_DEPLOYMENT_TARGET = 6.1;
				OTHER_CFLAGS = "-DNS_BLOCK_ASSERTIONS=1";
				SDKROOT = iphoneos;
				VALIDATE_PRODUCT = YES;
			};
			name = Release;
		};
		223DBB5E16D45523007911FF /* Debug */ = {
			isa = XCBuildConfiguration;
			buildSettings = {
				GCC_PRECOMPILE_PREFIX_HEADER = YES;
				GCC_PREFIX_HEADER = "J2OBJCtest/RandomNumberGenerator-Prefix.pch";
				"HEADER_SEARCH_PATHS[arch=*]" = (
					"${DERIVED_FILES_DIR}",
					/usr/local/bin/include,
				);
				INFOPLIST_FILE = "J2OBJCtest/RandomNumberGenerator-Info.plist";
				"LIBRARY_SEARCH_PATHS[arch=*]" = /usr/local/bin/lib;
				"OTHER_LDFLAGS[arch=*]" = (
					"-ljre_emul",
					"-ObjC",
					"-force_load",
					/usr/local/bin/lib/libjre_emul.a,
				);
				PRODUCT_NAME = RandomNumberGenerator;
				WRAPPER_EXTENSION = app;
			};
			name = Debug;
		};
		223DBB5F16D45523007911FF /* Release */ = {
			isa = XCBuildConfiguration;
			buildSettings = {
				GCC_PRECOMPILE_PREFIX_HEADER = YES;
				GCC_PREFIX_HEADER = "J2OBJCtest/RandomNumberGenerator-Prefix.pch";
				INFOPLIST_FILE = "J2OBJCtest/RandomNumberGenerator-Info.plist";
				PRODUCT_NAME = RandomNumberGenerator;
				WRAPPER_EXTENSION = app;
			};
			name = Release;
		};
/* End XCBuildConfiguration section */

/* Begin XCConfigurationList section */
		223DBB3516D45523007911FF /* Build configuration list for PBXProject "RandomNumberGenerator" */ = {
			isa = XCConfigurationList;
			buildConfigurations = (
				223DBB5B16D45523007911FF /* Debug */,
				223DBB5C16D45523007911FF /* Release */,
			);
			defaultConfigurationIsVisible = 0;
			defaultConfigurationName = Release;
		};
		223DBB5D16D45523007911FF /* Build configuration list for PBXNativeTarget "RandomNumberGenerator" */ = {
			isa = XCConfigurationList;
			buildConfigurations = (
				223DBB5E16D45523007911FF /* Debug */,
				223DBB5F16D45523007911FF /* Release */,
			);
			defaultConfigurationIsVisible = 0;
		};
/* End XCConfigurationList section */
	};
	rootObject = 223DBB3216D45523007911FF /* Project object */;
}
